// !$*UTF8*$!
{
	archiveVersion = 1;
	classes = {
	};
	objectVersion = 55;
	objects = {

/* Begin PBXBuildFile section */
		339050E795E07D7F289D3D4C /* Pods_test.framework in Frameworks */ = {isa = PBXBuildFile; fileRef = 7D3ECA4300484409217F8DE9 /* Pods_test.framework */; };
		C512481C28BCDC1400C6840A /* CroppImageCollectionViewCell.swift in Sources */ = {isa = PBXBuildFile; fileRef = C512481A28BCDC1400C6840A /* CroppImageCollectionViewCell.swift */; };
		C512481D28BCDC1400C6840A /* CroppImageCollectionViewCell.xib in Resources */ = {isa = PBXBuildFile; fileRef = C512481B28BCDC1400C6840A /* CroppImageCollectionViewCell.xib */; };
		C512481F28BD6AD300C6840A /* Loader.swift in Sources */ = {isa = PBXBuildFile; fileRef = C512481E28BD6AD300C6840A /* Loader.swift */; };
		C512482128BD6CE900C6840A /* BaseViewController.swift in Sources */ = {isa = PBXBuildFile; fileRef = C512482028BD6CE900C6840A /* BaseViewController.swift */; };
		C5B6CDF928B8C24300986E4A /* AppDelegate.swift in Sources */ = {isa = PBXBuildFile; fileRef = C5B6CDF828B8C24300986E4A /* AppDelegate.swift */; };
		C5B6CE0528B8C24400986E4A /* LaunchScreen.storyboard in Resources */ = {isa = PBXBuildFile; fileRef = C5B6CE0328B8C24400986E4A /* LaunchScreen.storyboard */; };
		C5B6CE0E28B8C7E300986E4A /* CropViewController.swift in Sources */ = {isa = PBXBuildFile; fileRef = C5B6CE0C28B8C7E300986E4A /* CropViewController.swift */; };
		C5B6CE0F28B8C7E300986E4A /* CropViewController.xib in Resources */ = {isa = PBXBuildFile; fileRef = C5B6CE0D28B8C7E300986E4A /* CropViewController.xib */; };
		C5B6CE1428B8DB5E00986E4A /* Request.swift in Sources */ = {isa = PBXBuildFile; fileRef = C5B6CE1328B8DB5E00986E4A /* Request.swift */; };
		C5B6CE1928B8FD5700986E4A /* KeychainWrapper.swift in Sources */ = {isa = PBXBuildFile; fileRef = C5B6CE1628B8FD5700986E4A /* KeychainWrapper.swift */; };
		C5B6CE1A28B8FD5700986E4A /* KeychainItemAccessibility.swift in Sources */ = {isa = PBXBuildFile; fileRef = C5B6CE1828B8FD5700986E4A /* KeychainItemAccessibility.swift */; };
		C5B6CE1E28B94F2800986E4A /* RequestManager.swift in Sources */ = {isa = PBXBuildFile; fileRef = C5B6CE1D28B94F2800986E4A /* RequestManager.swift */; };
		C5B6CE2028B94F7300986E4A /* Response.swift in Sources */ = {isa = PBXBuildFile; fileRef = C5B6CE1F28B94F7300986E4A /* Response.swift */; };
		C5B6CE2228B9501800986E4A /* UserRequestController.swift in Sources */ = {isa = PBXBuildFile; fileRef = C5B6CE2128B9501800986E4A /* UserRequestController.swift */; };
		C5B6CE2428B9508E00986E4A /* ImageData.swift in Sources */ = {isa = PBXBuildFile; fileRef = C5B6CE2328B9508E00986E4A /* ImageData.swift */; };
		C5B6CE2828B9511600986E4A /* UserController.swift in Sources */ = {isa = PBXBuildFile; fileRef = C5B6CE2728B9511600986E4A /* UserController.swift */; };
		C5B6CE2B28B951CA00986E4A /* Utilitie.swift in Sources */ = {isa = PBXBuildFile; fileRef = C5B6CE2A28B951CA00986E4A /* Utilitie.swift */; };
		C5B6CE2D28B9524300986E4A /* User.swift in Sources */ = {isa = PBXBuildFile; fileRef = C5B6CE2C28B9524300986E4A /* User.swift */; };
		C5B6CE3128B96E4F00986E4A /* CropImageController.swift in Sources */ = {isa = PBXBuildFile; fileRef = C5B6CE3028B96E4F00986E4A /* CropImageController.swift */; };
		C5B6CE3328B9739500986E4A /* UploadDataRequestController.swift in Sources */ = {isa = PBXBuildFile; fileRef = C5B6CE3228B9739500986E4A /* UploadDataRequestController.swift */; };
		C5B6CE3528B9A0CC00986E4A /* Assets.xcassets in Resources */ = {isa = PBXBuildFile; fileRef = C5B6CE3428B9A0CC00986E4A /* Assets.xcassets */; };
/* End PBXBuildFile section */

/* Begin PBXFileReference section */
		619D9C3788F5572BADDBA765 /* Pods-test.release.xcconfig */ = {isa = PBXFileReference; includeInIndex = 1; lastKnownFileType = text.xcconfig; name = "Pods-test.release.xcconfig"; path = "Target Support Files/Pods-test/Pods-test.release.xcconfig"; sourceTree = "<group>"; };
		7D3ECA4300484409217F8DE9 /* Pods_test.framework */ = {isa = PBXFileReference; explicitFileType = wrapper.framework; includeInIndex = 0; path = Pods_test.framework; sourceTree = BUILT_PRODUCTS_DIR; };
		BD02F9746FCF0A50EFF93F87 /* Pods-test.debug.xcconfig */ = {isa = PBXFileReference; includeInIndex = 1; lastKnownFileType = text.xcconfig; name = "Pods-test.debug.xcconfig"; path = "Target Support Files/Pods-test/Pods-test.debug.xcconfig"; sourceTree = "<group>"; };
		C512481A28BCDC1400C6840A /* CroppImageCollectionViewCell.swift */ = {isa = PBXFileReference; lastKnownFileType = sourcecode.swift; path = CroppImageCollectionViewCell.swift; sourceTree = "<group>"; };
		C512481B28BCDC1400C6840A /* CroppImageCollectionViewCell.xib */ = {isa = PBXFileReference; lastKnownFileType = file.xib; path = CroppImageCollectionViewCell.xib; sourceTree = "<group>"; };
		C512481E28BD6AD300C6840A /* Loader.swift */ = {isa = PBXFileReference; lastKnownFileType = sourcecode.swift; path = Loader.swift; sourceTree = "<group>"; };
		C512482028BD6CE900C6840A /* BaseViewController.swift */ = {isa = PBXFileReference; lastKnownFileType = sourcecode.swift; path = BaseViewController.swift; sourceTree = "<group>"; };
		C5B6CDF528B8C24300986E4A /* test.app */ = {isa = PBXFileReference; explicitFileType = wrapper.application; includeInIndex = 0; path = test.app; sourceTree = BUILT_PRODUCTS_DIR; };
		C5B6CDF828B8C24300986E4A /* AppDelegate.swift */ = {isa = PBXFileReference; lastKnownFileType = sourcecode.swift; path = AppDelegate.swift; sourceTree = "<group>"; };
		C5B6CE0428B8C24400986E4A /* Base */ = {isa = PBXFileReference; lastKnownFileType = file.storyboard; name = Base; path = Base.lproj/LaunchScreen.storyboard; sourceTree = "<group>"; };
		C5B6CE0628B8C24400986E4A /* Info.plist */ = {isa = PBXFileReference; lastKnownFileType = text.plist.xml; path = Info.plist; sourceTree = "<group>"; };
		C5B6CE0C28B8C7E300986E4A /* CropViewController.swift */ = {isa = PBXFileReference; lastKnownFileType = sourcecode.swift; path = CropViewController.swift; sourceTree = "<group>"; };
		C5B6CE0D28B8C7E300986E4A /* CropViewController.xib */ = {isa = PBXFileReference; lastKnownFileType = file.xib; path = CropViewController.xib; sourceTree = "<group>"; };
		C5B6CE1328B8DB5E00986E4A /* Request.swift */ = {isa = PBXFileReference; lastKnownFileType = sourcecode.swift; path = Request.swift; sourceTree = "<group>"; };
		C5B6CE1628B8FD5700986E4A /* KeychainWrapper.swift */ = {isa = PBXFileReference; fileEncoding = 4; lastKnownFileType = sourcecode.swift; path = KeychainWrapper.swift; sourceTree = "<group>"; };
		C5B6CE1728B8FD5700986E4A /* SwiftKeychainWrapper.h */ = {isa = PBXFileReference; fileEncoding = 4; lastKnownFileType = sourcecode.c.h; path = SwiftKeychainWrapper.h; sourceTree = "<group>"; };
		C5B6CE1828B8FD5700986E4A /* KeychainItemAccessibility.swift */ = {isa = PBXFileReference; fileEncoding = 4; lastKnownFileType = sourcecode.swift; path = KeychainItemAccessibility.swift; sourceTree = "<group>"; };
		C5B6CE1D28B94F2800986E4A /* RequestManager.swift */ = {isa = PBXFileReference; lastKnownFileType = sourcecode.swift; path = RequestManager.swift; sourceTree = "<group>"; };
		C5B6CE1F28B94F7300986E4A /* Response.swift */ = {isa = PBXFileReference; lastKnownFileType = sourcecode.swift; path = Response.swift; sourceTree = "<group>"; };
		C5B6CE2128B9501800986E4A /* UserRequestController.swift */ = {isa = PBXFileReference; lastKnownFileType = sourcecode.swift; path = UserRequestController.swift; sourceTree = "<group>"; };
		C5B6CE2328B9508E00986E4A /* ImageData.swift */ = {isa = PBXFileReference; lastKnownFileType = sourcecode.swift; path = ImageData.swift; sourceTree = "<group>"; };
		C5B6CE2728B9511600986E4A /* UserController.swift */ = {isa = PBXFileReference; lastKnownFileType = sourcecode.swift; path = UserController.swift; sourceTree = "<group>"; };
		C5B6CE2A28B951CA00986E4A /* Utilitie.swift */ = {isa = PBXFileReference; lastKnownFileType = sourcecode.swift; path = Utilitie.swift; sourceTree = "<group>"; };
		C5B6CE2C28B9524300986E4A /* User.swift */ = {isa = PBXFileReference; lastKnownFileType = sourcecode.swift; path = User.swift; sourceTree = "<group>"; };
		C5B6CE3028B96E4F00986E4A /* CropImageController.swift */ = {isa = PBXFileReference; lastKnownFileType = sourcecode.swift; path = CropImageController.swift; sourceTree = "<group>"; };
		C5B6CE3228B9739500986E4A /* UploadDataRequestController.swift */ = {isa = PBXFileReference; lastKnownFileType = sourcecode.swift; path = UploadDataRequestController.swift; sourceTree = "<group>"; };
		C5B6CE3428B9A0CC00986E4A /* Assets.xcassets */ = {isa = PBXFileReference; lastKnownFileType = folder.assetcatalog; path = Assets.xcassets; sourceTree = "<group>"; };
/* End PBXFileReference section */

/* Begin PBXFrameworksBuildPhase section */
		C5B6CDF228B8C24300986E4A /* Frameworks */ = {
			isa = PBXFrameworksBuildPhase;
			buildActionMask = 2147483647;
			files = (
				339050E795E07D7F289D3D4C /* Pods_test.framework in Frameworks */,
			);
			runOnlyForDeploymentPostprocessing = 0;
		};
/* End PBXFrameworksBuildPhase section */

/* Begin PBXGroup section */
		2301E2729C068D9836458CA0 /* Pods */ = {
			isa = PBXGroup;
			children = (
				BD02F9746FCF0A50EFF93F87 /* Pods-test.debug.xcconfig */,
				619D9C3788F5572BADDBA765 /* Pods-test.release.xcconfig */,
			);
			path = Pods;
			sourceTree = "<group>";
		};
		A49F79970D02FC0A9D06DF17 /* Frameworks */ = {
			isa = PBXGroup;
			children = (
				7D3ECA4300484409217F8DE9 /* Pods_test.framework */,
			);
			name = Frameworks;
			sourceTree = "<group>";
		};
		C512481928BCDBE900C6840A /* Views */ = {
			isa = PBXGroup;
			children = (
				C512481E28BD6AD300C6840A /* Loader.swift */,
				C512481A28BCDC1400C6840A /* CroppImageCollectionViewCell.swift */,
				C512481B28BCDC1400C6840A /* CroppImageCollectionViewCell.xib */,
			);
			path = Views;
			sourceTree = "<group>";
		};
		C5B6CDEC28B8C24300986E4A = {
			isa = PBXGroup;
			children = (
				C5B6CDF728B8C24300986E4A /* test */,
				C5B6CDF628B8C24300986E4A /* Products */,
				2301E2729C068D9836458CA0 /* Pods */,
				A49F79970D02FC0A9D06DF17 /* Frameworks */,
			);
			sourceTree = "<group>";
		};
		C5B6CDF628B8C24300986E4A /* Products */ = {
			isa = PBXGroup;
			children = (
				C5B6CDF528B8C24300986E4A /* test.app */,
			);
			name = Products;
			sourceTree = "<group>";
		};
		C5B6CDF728B8C24300986E4A /* test */ = {
			isa = PBXGroup;
			children = (
				C5B6CDF828B8C24300986E4A /* AppDelegate.swift */,
				C5B6CE1228B8DB4D00986E4A /* Networking */,
				C5B6CE2628B950FB00986E4A /* Controllers */,
				C512481928BCDBE900C6840A /* Views */,
				C5B6CE1028B8C7F200986E4A /* ViewControllers */,
				C5B6CE2928B951A800986E4A /* Utilities */,
				C5B6CE1528B8FD5700986E4A /* KeychainWrapper */,
				C5B6CE1128B8C80300986E4A /* SupportingFiles */,
			);
			path = test;
			sourceTree = "<group>";
		};
		C5B6CE1028B8C7F200986E4A /* ViewControllers */ = {
			isa = PBXGroup;
			children = (
				C5B6CE2528B950DC00986E4A /* Main */,
			);
			path = ViewControllers;
			sourceTree = "<group>";
		};
		C5B6CE1128B8C80300986E4A /* SupportingFiles */ = {
			isa = PBXGroup;
			children = (
				C5B6CE3428B9A0CC00986E4A /* Assets.xcassets */,
				C5B6CE0328B8C24400986E4A /* LaunchScreen.storyboard */,
				C5B6CE0628B8C24400986E4A /* Info.plist */,
			);
			path = SupportingFiles;
			sourceTree = "<group>";
		};
		C5B6CE1228B8DB4D00986E4A /* Networking */ = {
			isa = PBXGroup;
			children = (
				C5B6CE1C28B94F0E00986E4A /* Models */,
				C5B6CE1B28B94EEE00986E4A /* RestAPI */,
			);
			path = Networking;
			sourceTree = "<group>";
		};
		C5B6CE1528B8FD5700986E4A /* KeychainWrapper */ = {
			isa = PBXGroup;
			children = (
				C5B6CE1628B8FD5700986E4A /* KeychainWrapper.swift */,
				C5B6CE1728B8FD5700986E4A /* SwiftKeychainWrapper.h */,
				C5B6CE1828B8FD5700986E4A /* KeychainItemAccessibility.swift */,
			);
			path = KeychainWrapper;
			sourceTree = "<group>";
		};
		C5B6CE1B28B94EEE00986E4A /* RestAPI */ = {
			isa = PBXGroup;
			children = (
				C5B6CE1328B8DB5E00986E4A /* Request.swift */,
				C5B6CE1D28B94F2800986E4A /* RequestManager.swift */,
				C5B6CE2128B9501800986E4A /* UserRequestController.swift */,
				C5B6CE3228B9739500986E4A /* UploadDataRequestController.swift */,
			);
			path = RestAPI;
			sourceTree = "<group>";
		};
		C5B6CE1C28B94F0E00986E4A /* Models */ = {
			isa = PBXGroup;
			children = (
				C5B6CE1F28B94F7300986E4A /* Response.swift */,
				C5B6CE2C28B9524300986E4A /* User.swift */,
				C5B6CE2328B9508E00986E4A /* ImageData.swift */,
			);
			path = Models;
			sourceTree = "<group>";
		};
		C5B6CE2528B950DC00986E4A /* Main */ = {
			isa = PBXGroup;
			children = (
				C512482028BD6CE900C6840A /* BaseViewController.swift */,
				C5B6CE0C28B8C7E300986E4A /* CropViewController.swift */,
				C5B6CE0D28B8C7E300986E4A /* CropViewController.xib */,
			);
			path = Main;
			sourceTree = "<group>";
		};
		C5B6CE2628B950FB00986E4A /* Controllers */ = {
			isa = PBXGroup;
			children = (
				C5B6CE2728B9511600986E4A /* UserController.swift */,
				C5B6CE3028B96E4F00986E4A /* CropImageController.swift */,
			);
			path = Controllers;
			sourceTree = "<group>";
		};
		C5B6CE2928B951A800986E4A /* Utilities */ = {
			isa = PBXGroup;
			children = (
				C5B6CE2A28B951CA00986E4A /* Utilitie.swift */,
			);
			path = Utilities;
			sourceTree = "<group>";
		};
/* End PBXGroup section */

/* Begin PBXNativeTarget section */
		C5B6CDF428B8C24300986E4A /* test */ = {
			isa = PBXNativeTarget;
			buildConfigurationList = C5B6CE0928B8C24400986E4A /* Build configuration list for PBXNativeTarget "test" */;
			buildPhases = (
				4C2E229189406735B42A8DD1 /* [CP] Check Pods Manifest.lock */,
				C5B6CDF128B8C24300986E4A /* Sources */,
				C5B6CDF228B8C24300986E4A /* Frameworks */,
				C5B6CDF328B8C24300986E4A /* Resources */,
				0C4022ADC3C0404D9BA5C694 /* [CP] Embed Pods Frameworks */,
			);
			buildRules = (
			);
			dependencies = (
			);
			name = test;
			productName = test;
			productReference = C5B6CDF528B8C24300986E4A /* test.app */;
			productType = "com.apple.product-type.application";
		};
/* End PBXNativeTarget section */

/* Begin PBXProject section */
		C5B6CDED28B8C24300986E4A /* Project object */ = {
			isa = PBXProject;
			attributes = {
				BuildIndependentTargetsInParallel = 1;
				LastSwiftUpdateCheck = 1340;
				LastUpgradeCheck = 1340;
				TargetAttributes = {
					C5B6CDF428B8C24300986E4A = {
						CreatedOnToolsVersion = 13.4.1;
					};
				};
			};
			buildConfigurationList = C5B6CDF028B8C24300986E4A /* Build configuration list for PBXProject "test" */;
			compatibilityVersion = "Xcode 13.0";
			developmentRegion = en;
			hasScannedForEncodings = 0;
			knownRegions = (
				en,
				Base,
			);
			mainGroup = C5B6CDEC28B8C24300986E4A;
			productRefGroup = C5B6CDF628B8C24300986E4A /* Products */;
			projectDirPath = "";
			projectRoot = "";
			targets = (
				C5B6CDF428B8C24300986E4A /* test */,
			);
		};
/* End PBXProject section */

/* Begin PBXResourcesBuildPhase section */
		C5B6CDF328B8C24300986E4A /* Resources */ = {
			isa = PBXResourcesBuildPhase;
			buildActionMask = 2147483647;
			files = (
				C5B6CE0528B8C24400986E4A /* LaunchScreen.storyboard in Resources */,
				C5B6CE0F28B8C7E300986E4A /* CropViewController.xib in Resources */,
				C512481D28BCDC1400C6840A /* CroppImageCollectionViewCell.xib in Resources */,
				C5B6CE3528B9A0CC00986E4A /* Assets.xcassets in Resources */,
			);
			runOnlyForDeploymentPostprocessing = 0;
		};
/* End PBXResourcesBuildPhase section */

/* Begin PBXShellScriptBuildPhase section */
		0C4022ADC3C0404D9BA5C694 /* [CP] Embed Pods Frameworks */ = {
			isa = PBXShellScriptBuildPhase;
			buildActionMask = 2147483647;
			files = (
			);
			inputFileListPaths = (
				"${PODS_ROOT}/Target Support Files/Pods-test/Pods-test-frameworks-${CONFIGURATION}-input-files.xcfilelist",
			);
			name = "[CP] Embed Pods Frameworks";
			outputFileListPaths = (
				"${PODS_ROOT}/Target Support Files/Pods-test/Pods-test-frameworks-${CONFIGURATION}-output-files.xcfilelist",
			);
			runOnlyForDeploymentPostprocessing = 0;
			shellPath = /bin/sh;
			shellScript = "\"${PODS_ROOT}/Target Support Files/Pods-test/Pods-test-frameworks.sh\"\n";
			showEnvVarsInLog = 0;
		};
		4C2E229189406735B42A8DD1 /* [CP] Check Pods Manifest.lock */ = {
			isa = PBXShellScriptBuildPhase;
			buildActionMask = 2147483647;
			files = (
			);
			inputFileListPaths = (
			);
			inputPaths = (
				"${PODS_PODFILE_DIR_PATH}/Podfile.lock",
				"${PODS_ROOT}/Manifest.lock",
			);
			name = "[CP] Check Pods Manifest.lock";
			outputFileListPaths = (
			);
			outputPaths = (
				"$(DERIVED_FILE_DIR)/Pods-test-checkManifestLockResult.txt",
			);
			runOnlyForDeploymentPostprocessing = 0;
			shellPath = /bin/sh;
			shellScript = "diff \"${PODS_PODFILE_DIR_PATH}/Podfile.lock\" \"${PODS_ROOT}/Manifest.lock\" > /dev/null\nif [ $? != 0 ] ; then\n    # print error to STDERR\n    echo \"error: The sandbox is not in sync with the Podfile.lock. Run 'pod install' or update your CocoaPods installation.\" >&2\n    exit 1\nfi\n# This output is used by Xcode 'outputs' to avoid re-running this script phase.\necho \"SUCCESS\" > \"${SCRIPT_OUTPUT_FILE_0}\"\n";
			showEnvVarsInLog = 0;
		};
/* End PBXShellScriptBuildPhase section */

/* Begin PBXSourcesBuildPhase section */
		C5B6CDF128B8C24300986E4A /* Sources */ = {
			isa = PBXSourcesBuildPhase;
			buildActionMask = 2147483647;
			files = (
				C5B6CDF928B8C24300986E4A /* AppDelegate.swift in Sources */,
				C5B6CE2B28B951CA00986E4A /* Utilitie.swift in Sources */,
				C512481C28BCDC1400C6840A /* CroppImageCollectionViewCell.swift in Sources */,
				C5B6CE1928B8FD5700986E4A /* KeychainWrapper.swift in Sources */,
				C5B6CE2828B9511600986E4A /* UserController.swift in Sources */,
				C5B6CE3128B96E4F00986E4A /* CropImageController.swift in Sources */,
				C5B6CE2228B9501800986E4A /* UserRequestController.swift in Sources */,
				C512482128BD6CE900C6840A /* BaseViewController.swift in Sources */,
				C5B6CE1428B8DB5E00986E4A /* Request.swift in Sources */,
				C5B6CE1E28B94F2800986E4A /* RequestManager.swift in Sources */,
				C5B6CE1A28B8FD5700986E4A /* KeychainItemAccessibility.swift in Sources */,
				C5B6CE2D28B9524300986E4A /* User.swift in Sources */,
				C5B6CE0E28B8C7E300986E4A /* CropViewController.swift in Sources */,
				C5B6CE2428B9508E00986E4A /* ImageData.swift in Sources */,
				C5B6CE3328B9739500986E4A /* UploadDataRequestController.swift in Sources */,
				C512481F28BD6AD300C6840A /* Loader.swift in Sources */,
				C5B6CE2028B94F7300986E4A /* Response.swift in Sources */,
			);
			runOnlyForDeploymentPostprocessing = 0;
		};
/* End PBXSourcesBuildPhase section */

/* Begin PBXVariantGroup section */
		C5B6CE0328B8C24400986E4A /* LaunchScreen.storyboard */ = {
			isa = PBXVariantGroup;
			children = (
				C5B6CE0428B8C24400986E4A /* Base */,
			);
			name = LaunchScreen.storyboard;
			sourceTree = "<group>";
		};
/* End PBXVariantGroup section */

/* Begin XCBuildConfiguration section */
		C5B6CE0728B8C24400986E4A /* Debug */ = {
			isa = XCBuildConfiguration;
			buildSettings = {
				ALWAYS_SEARCH_USER_PATHS = NO;
				CLANG_ANALYZER_NONNULL = YES;
				CLANG_ANALYZER_NUMBER_OBJECT_CONVERSION = YES_AGGRESSIVE;
				CLANG_CXX_LANGUAGE_STANDARD = "gnu++17";
				CLANG_ENABLE_MODULES = YES;
				CLANG_ENABLE_OBJC_ARC = YES;
				CLANG_ENABLE_OBJC_WEAK = YES;
				CLANG_WARN_BLOCK_CAPTURE_AUTORELEASING = YES;
				CLANG_WARN_BOOL_CONVERSION = YES;
				CLANG_WARN_COMMA = YES;
				CLANG_WARN_CONSTANT_CONVERSION = YES;
				CLANG_WARN_DEPRECATED_OBJC_IMPLEMENTATIONS = YES;
				CLANG_WARN_DIRECT_OBJC_ISA_USAGE = YES_ERROR;
				CLANG_WARN_DOCUMENTATION_COMMENTS = YES;
				CLANG_WARN_EMPTY_BODY = YES;
				CLANG_WARN_ENUM_CONVERSION = YES;
				CLANG_WARN_INFINITE_RECURSION = YES;
				CLANG_WARN_INT_CONVERSION = YES;
				CLANG_WARN_NON_LITERAL_NULL_CONVERSION = YES;
				CLANG_WARN_OBJC_IMPLICIT_RETAIN_SELF = YES;
				CLANG_WARN_OBJC_LITERAL_CONVERSION = YES;
				CLANG_WARN_OBJC_ROOT_CLASS = YES_ERROR;
				CLANG_WARN_QUOTED_INCLUDE_IN_FRAMEWORK_HEADER = YES;
				CLANG_WARN_RANGE_LOOP_ANALYSIS = YES;
				CLANG_WARN_STRICT_PROTOTYPES = YES;
				CLANG_WARN_SUSPICIOUS_MOVE = YES;
				CLANG_WARN_UNGUARDED_AVAILABILITY = YES_AGGRESSIVE;
				CLANG_WARN_UNREACHABLE_CODE = YES;
				CLANG_WARN__DUPLICATE_METHOD_MATCH = YES;
				COPY_PHASE_STRIP = NO;
				DEBUG_INFORMATION_FORMAT = dwarf;
				ENABLE_STRICT_OBJC_MSGSEND = YES;
				ENABLE_TESTABILITY = YES;
				GCC_C_LANGUAGE_STANDARD = gnu11;
				GCC_DYNAMIC_NO_PIC = NO;
				GCC_NO_COMMON_BLOCKS = YES;
				GCC_OPTIMIZATION_LEVEL = 0;
				GCC_PREPROCESSOR_DEFINITIONS = (
					"DEBUG=1",
					"$(inherited)",
				);
				GCC_WARN_64_TO_32_BIT_CONVERSION = YES;
				GCC_WARN_ABOUT_RETURN_TYPE = YES_ERROR;
				GCC_WARN_UNDECLARED_SELECTOR = YES;
				GCC_WARN_UNINITIALIZED_AUTOS = YES_AGGRESSIVE;
				GCC_WARN_UNUSED_FUNCTION = YES;
				GCC_WARN_UNUSED_VARIABLE = YES;
				IPHONEOS_DEPLOYMENT_TARGET = 15.5;
				MTL_ENABLE_DEBUG_INFO = INCLUDE_SOURCE;
				MTL_FAST_MATH = YES;
				ONLY_ACTIVE_ARCH = YES;
				SDKROOT = iphoneos;
				SWIFT_ACTIVE_COMPILATION_CONDITIONS = DEBUG;
				SWIFT_OPTIMIZATION_LEVEL = "-Onone";
			};
			name = Debug;
		};
		C5B6CE0828B8C24400986E4A /* Release */ = {
			isa = XCBuildConfiguration;
			buildSettings = {
				ALWAYS_SEARCH_USER_PATHS = NO;
				CLANG_ANALYZER_NONNULL = YES;
				CLANG_ANALYZER_NUMBER_OBJECT_CONVERSION = YES_AGGRESSIVE;
				CLANG_CXX_LANGUAGE_STANDARD = "gnu++17";
				CLANG_ENABLE_MODULES = YES;
				CLANG_ENABLE_OBJC_ARC = YES;
				CLANG_ENABLE_OBJC_WEAK = YES;
				CLANG_WARN_BLOCK_CAPTURE_AUTORELEASING = YES;
				CLANG_WARN_BOOL_CONVERSION = YES;
				CLANG_WARN_COMMA = YES;
				CLANG_WARN_CONSTANT_CONVERSION = YES;
				CLANG_WARN_DEPRECATED_OBJC_IMPLEMENTATIONS = YES;
				CLANG_WARN_DIRECT_OBJC_ISA_USAGE = YES_ERROR;
				CLANG_WARN_DOCUMENTATION_COMMENTS = YES;
				CLANG_WARN_EMPTY_BODY = YES;
				CLANG_WARN_ENUM_CONVERSION = YES;
				CLANG_WARN_INFINITE_RECURSION = YES;
				CLANG_WARN_INT_CONVERSION = YES;
				CLANG_WARN_NON_LITERAL_NULL_CONVERSION = YES;
				CLANG_WARN_OBJC_IMPLICIT_RETAIN_SELF = YES;
				CLANG_WARN_OBJC_LITERAL_CONVERSION = YES;
				CLANG_WARN_OBJC_ROOT_CLASS = YES_ERROR;
				CLANG_WARN_QUOTED_INCLUDE_IN_FRAMEWORK_HEADER = YES;
				CLANG_WARN_RANGE_LOOP_ANALYSIS = YES;
				CLANG_WARN_STRICT_PROTOTYPES = YES;
				CLANG_WARN_SUSPICIOUS_MOVE = YES;
				CLANG_WARN_UNGUARDED_AVAILABILITY = YES_AGGRESSIVE;
				CLANG_WARN_UNREACHABLE_CODE = YES;
				CLANG_WARN__DUPLICATE_METHOD_MATCH = YES;
				COPY_PHASE_STRIP = NO;
				DEBUG_INFORMATION_FORMAT = "dwarf-with-dsym";
				ENABLE_NS_ASSERTIONS = NO;
				ENABLE_STRICT_OBJC_MSGSEND = YES;
				GCC_C_LANGUAGE_STANDARD = gnu11;
				GCC_NO_COMMON_BLOCKS = YES;
				GCC_WARN_64_TO_32_BIT_CONVERSION = YES;
				GCC_WARN_ABOUT_RETURN_TYPE = YES_ERROR;
				GCC_WARN_UNDECLARED_SELECTOR = YES;
				GCC_WARN_UNINITIALIZED_AUTOS = YES_AGGRESSIVE;
				GCC_WARN_UNUSED_FUNCTION = YES;
				GCC_WARN_UNUSED_VARIABLE = YES;
				IPHONEOS_DEPLOYMENT_TARGET = 15.5;
				MTL_ENABLE_DEBUG_INFO = NO;
				MTL_FAST_MATH = YES;
				SDKROOT = iphoneos;
				SWIFT_COMPILATION_MODE = wholemodule;
				SWIFT_OPTIMIZATION_LEVEL = "-O";
				VALIDATE_PRODUCT = YES;
			};
			name = Release;
		};
		C5B6CE0A28B8C24400986E4A /* Debug */ = {
			isa = XCBuildConfiguration;
			baseConfigurationReference = BD02F9746FCF0A50EFF93F87 /* Pods-test.debug.xcconfig */;
			buildSettings = {
				ASSETCATALOG_COMPILER_APPICON_NAME = AppIcon;
				ASSETCATALOG_COMPILER_GLOBAL_ACCENT_COLOR_NAME = AccentColor;
				CODE_SIGN_STYLE = Automatic;
				CURRENT_PROJECT_VERSION = 1;
				DEVELOPMENT_TEAM = 34F9DZ3A95;
				GENERATE_INFOPLIST_FILE = YES;
				INFOPLIST_FILE = test/SupportingFiles/Info.plist;
				INFOPLIST_KEY_UIApplicationSupportsIndirectInputEvents = YES;
				INFOPLIST_KEY_UILaunchStoryboardName = LaunchScreen;
				INFOPLIST_KEY_UIMainStoryboardFile = LaunchScreen;
				INFOPLIST_KEY_UISupportedInterfaceOrientations = UIInterfaceOrientationPortrait;
				INFOPLIST_KEY_UISupportedInterfaceOrientations_iPad = "UIInterfaceOrientationPortrait UIInterfaceOrientationPortraitUpsideDown UIInterfaceOrientationLandscapeLeft UIInterfaceOrientationLandscapeRight";
				INFOPLIST_KEY_UISupportedInterfaceOrientations_iPhone = "UIInterfaceOrientationPortrait UIInterfaceOrientationLandscapeLeft UIInterfaceOrientationLandscapeRight";
				LD_RUNPATH_SEARCH_PATHS = (
					"$(inherited)",
					"@executable_path/Frameworks",
				);
				MARKETING_VERSION = 1.0;
				PRODUCT_BUNDLE_IDENTIFIER = test.app.test;
				PRODUCT_NAME = "$(TARGET_NAME)";
				SWIFT_EMIT_LOC_STRINGS = YES;
				SWIFT_VERSION = 5.0;
				TARGETED_DEVICE_FAMILY = "1,2";
			};
			name = Debug;
		};
		C5B6CE0B28B8C24400986E4A /* Release */ = {
			isa = XCBuildConfiguration;
			baseConfigurationReference = 619D9C3788F5572BADDBA765 /* Pods-test.release.xcconfig */;
			buildSettings = {
				ASSETCATALOG_COMPILER_APPICON_NAME = AppIcon;
				ASSETCATALOG_COMPILER_GLOBAL_ACCENT_COLOR_NAME = AccentColor;
				CODE_SIGN_STYLE = Automatic;
				CURRENT_PROJECT_VERSION = 1;
				DEVELOPMENT_TEAM = 34F9DZ3A95;
				GENERATE_INFOPLIST_FILE = YES;
				INFOPLIST_FILE = test/SupportingFiles/Info.plist;
				INFOPLIST_KEY_UIApplicationSupportsIndirectInputEvents = YES;
				INFOPLIST_KEY_UILaunchStoryboardName = LaunchScreen;
				INFOPLIST_KEY_UIMainStoryboardFile = LaunchScreen;
				INFOPLIST_KEY_UISupportedInterfaceOrientations = UIInterfaceOrientationPortrait;
				INFOPLIST_KEY_UISupportedInterfaceOrientations_iPad = "UIInterfaceOrientationPortrait UIInterfaceOrientationPortraitUpsideDown UIInterfaceOrientationLandscapeLeft UIInterfaceOrientationLandscapeRight";
				INFOPLIST_KEY_UISupportedInterfaceOrientations_iPhone = "UIInterfaceOrientationPortrait UIInterfaceOrientationLandscapeLeft UIInterfaceOrientationLandscapeRight";
				LD_RUNPATH_SEARCH_PATHS = (
					"$(inherited)",
					"@executable_path/Frameworks",
				);
				MARKETING_VERSION = 1.0;
				PRODUCT_BUNDLE_IDENTIFIER = test.app.test;
				PRODUCT_NAME = "$(TARGET_NAME)";
				SWIFT_EMIT_LOC_STRINGS = YES;
				SWIFT_VERSION = 5.0;
				TARGETED_DEVICE_FAMILY = "1,2";
			};
			name = Release;
		};
/* End XCBuildConfiguration section */

/* Begin XCConfigurationList section */
		C5B6CDF028B8C24300986E4A /* Build configuration list for PBXProject "test" */ = {
			isa = XCConfigurationList;
			buildConfigurations = (
				C5B6CE0728B8C24400986E4A /* Debug */,
				C5B6CE0828B8C24400986E4A /* Release */,
			);
			defaultConfigurationIsVisible = 0;
			defaultConfigurationName = Release;
		};
		C5B6CE0928B8C24400986E4A /* Build configuration list for PBXNativeTarget "test" */ = {
			isa = XCConfigurationList;
			buildConfigurations = (
				C5B6CE0A28B8C24400986E4A /* Debug */,
				C5B6CE0B28B8C24400986E4A /* Release */,
			);
			defaultConfigurationIsVisible = 0;
			defaultConfigurationName = Release;
		};
/* End XCConfigurationList section */
	};
	rootObject = C5B6CDED28B8C24300986E4A /* Project object */;
}
